// !$*UTF8*$!
{
	archiveVersion = 1;
	classes = {
	};
	objectVersion = 50;
	objects = {

/* Begin PBXBuildFile section */
		C55D9D6B266FED1E00CF4A4F /* TodoListItemTableViewCell.swift in Sources */ = {isa = PBXBuildFile; fileRef = C55D9D69266FED1E00CF4A4F /* TodoListItemTableViewCell.swift */; };
		C55D9D6C266FED1E00CF4A4F /* TodoListItemTableViewCell.xib in Resources */ = {isa = PBXBuildFile; fileRef = C55D9D6A266FED1E00CF4A4F /* TodoListItemTableViewCell.xib */; };
		C56D474C266F6DF000B1C422 /* AppDelegate.swift in Sources */ = {isa = PBXBuildFile; fileRef = C56D474B266F6DF000B1C422 /* AppDelegate.swift */; };
		C56D474E266F6DF000B1C422 /* SceneDelegate.swift in Sources */ = {isa = PBXBuildFile; fileRef = C56D474D266F6DF000B1C422 /* SceneDelegate.swift */; };
		C56D4750266F6DF000B1C422 /* ViewController.swift in Sources */ = {isa = PBXBuildFile; fileRef = C56D474F266F6DF000B1C422 /* ViewController.swift */; };
		C56D4753266F6DF000B1C422 /* Main.storyboard in Resources */ = {isa = PBXBuildFile; fileRef = C56D4751266F6DF000B1C422 /* Main.storyboard */; };
		C56D4756266F6DF000B1C422 /* TodoList.xcdatamodeld in Sources */ = {isa = PBXBuildFile; fileRef = C56D4754266F6DF000B1C422 /* TodoList.xcdatamodeld */; };
		C56D4758266F6DF000B1C422 /* Assets.xcassets in Resources */ = {isa = PBXBuildFile; fileRef = C56D4757266F6DF000B1C422 /* Assets.xcassets */; };
		C56D475B266F6DF000B1C422 /* LaunchScreen.storyboard in Resources */ = {isa = PBXBuildFile; fileRef = C56D4759266F6DF000B1C422 /* LaunchScreen.storyboard */; };
		C56D4766266F6DF000B1C422 /* TodoListTests.swift in Sources */ = {isa = PBXBuildFile; fileRef = C56D4765266F6DF000B1C422 /* TodoListTests.swift */; };
		C56D4771266F6DF000B1C422 /* TodoListUITests.swift in Sources */ = {isa = PBXBuildFile; fileRef = C56D4770266F6DF000B1C422 /* TodoListUITests.swift */; };
		C56D4787266FC5EB00B1C422 /* TodoListItem+CoreDataClass.swift in Sources */ = {isa = PBXBuildFile; fileRef = C56D4785266FC5EB00B1C422 /* TodoListItem+CoreDataClass.swift */; };
		C56D4788266FC5EB00B1C422 /* TodoListItem+CoreDataProperties.swift in Sources */ = {isa = PBXBuildFile; fileRef = C56D4786266FC5EB00B1C422 /* TodoListItem+CoreDataProperties.swift */; };
		C5C38DE82670F6C5006BA6DC /* ItemTableViewModel.swift in Sources */ = {isa = PBXBuildFile; fileRef = C5C38DE72670F6C5006BA6DC /* ItemTableViewModel.swift */; };
		C5C38DEB26710D53006BA6DC /* ItemViewModelDelegate.swift in Sources */ = {isa = PBXBuildFile; fileRef = C5C38DEA26710D53006BA6DC /* ItemViewModelDelegate.swift */; };
		C5C38DEE26710DFA006BA6DC /* ViewControllerExtensions.swift in Sources */ = {isa = PBXBuildFile; fileRef = C5C38DED26710DFA006BA6DC /* ViewControllerExtensions.swift */; };
/* End PBXBuildFile section */

/* Begin PBXContainerItemProxy section */
		C56D4762266F6DF000B1C422 /* PBXContainerItemProxy */ = {
			isa = PBXContainerItemProxy;
			containerPortal = C56D4740266F6DEF00B1C422 /* Project object */;
			proxyType = 1;
			remoteGlobalIDString = C56D4747266F6DEF00B1C422;
			remoteInfo = TodoListMVVM;
		};
		C56D476D266F6DF000B1C422 /* PBXContainerItemProxy */ = {
			isa = PBXContainerItemProxy;
			containerPortal = C56D4740266F6DEF00B1C422 /* Project object */;
			proxyType = 1;
			remoteGlobalIDString = C56D4747266F6DEF00B1C422;
			remoteInfo = TodoListMVVM;
		};
/* End PBXContainerItemProxy section */

/* Begin PBXFileReference section */
		C55D9D69266FED1E00CF4A4F /* TodoListItemTableViewCell.swift */ = {isa = PBXFileReference; lastKnownFileType = sourcecode.swift; path = TodoListItemTableViewCell.swift; sourceTree = "<group>"; };
		C55D9D6A266FED1E00CF4A4F /* TodoListItemTableViewCell.xib */ = {isa = PBXFileReference; lastKnownFileType = file.xib; path = TodoListItemTableViewCell.xib; sourceTree = "<group>"; };
		C56D4748266F6DF000B1C422 /* TodoList.app */ = {isa = PBXFileReference; explicitFileType = wrapper.application; includeInIndex = 0; path = TodoList.app; sourceTree = BUILT_PRODUCTS_DIR; };
		C56D474B266F6DF000B1C422 /* AppDelegate.swift */ = {isa = PBXFileReference; lastKnownFileType = sourcecode.swift; path = AppDelegate.swift; sourceTree = "<group>"; };
		C56D474D266F6DF000B1C422 /* SceneDelegate.swift */ = {isa = PBXFileReference; lastKnownFileType = sourcecode.swift; path = SceneDelegate.swift; sourceTree = "<group>"; };
		C56D474F266F6DF000B1C422 /* ViewController.swift */ = {isa = PBXFileReference; lastKnownFileType = sourcecode.swift; path = ViewController.swift; sourceTree = "<group>"; };
		C56D4752266F6DF000B1C422 /* Base */ = {isa = PBXFileReference; lastKnownFileType = file.storyboard; name = Base; path = Base.lproj/Main.storyboard; sourceTree = "<group>"; };
		C56D4755266F6DF000B1C422 /* TodoListMVVM.xcdatamodel */ = {isa = PBXFileReference; lastKnownFileType = wrapper.xcdatamodel; path = TodoListMVVM.xcdatamodel; sourceTree = "<group>"; };
		C56D4757266F6DF000B1C422 /* Assets.xcassets */ = {isa = PBXFileReference; lastKnownFileType = folder.assetcatalog; path = Assets.xcassets; sourceTree = "<group>"; };
		C56D475A266F6DF000B1C422 /* Base */ = {isa = PBXFileReference; lastKnownFileType = file.storyboard; name = Base; path = Base.lproj/LaunchScreen.storyboard; sourceTree = "<group>"; };
		C56D475C266F6DF000B1C422 /* Info.plist */ = {isa = PBXFileReference; lastKnownFileType = text.plist.xml; path = Info.plist; sourceTree = "<group>"; };
		C56D4761266F6DF000B1C422 /* TodoListTests.xctest */ = {isa = PBXFileReference; explicitFileType = wrapper.cfbundle; includeInIndex = 0; path = TodoListTests.xctest; sourceTree = BUILT_PRODUCTS_DIR; };
		C56D4765266F6DF000B1C422 /* TodoListTests.swift */ = {isa = PBXFileReference; lastKnownFileType = sourcecode.swift; path = TodoListTests.swift; sourceTree = "<group>"; };
		C56D4767266F6DF000B1C422 /* Info.plist */ = {isa = PBXFileReference; lastKnownFileType = text.plist.xml; path = Info.plist; sourceTree = "<group>"; };
		C56D476C266F6DF000B1C422 /* TodoListUITests.xctest */ = {isa = PBXFileReference; explicitFileType = wrapper.cfbundle; includeInIndex = 0; path = TodoListUITests.xctest; sourceTree = BUILT_PRODUCTS_DIR; };
		C56D4770266F6DF000B1C422 /* TodoListUITests.swift */ = {isa = PBXFileReference; lastKnownFileType = sourcecode.swift; path = TodoListUITests.swift; sourceTree = "<group>"; };
		C56D4772266F6DF000B1C422 /* Info.plist */ = {isa = PBXFileReference; lastKnownFileType = text.plist.xml; path = Info.plist; sourceTree = "<group>"; };
		C56D4785266FC5EB00B1C422 /* TodoListItem+CoreDataClass.swift */ = {isa = PBXFileReference; lastKnownFileType = sourcecode.swift; path = "TodoListItem+CoreDataClass.swift"; sourceTree = "<group>"; };
		C56D4786266FC5EB00B1C422 /* TodoListItem+CoreDataProperties.swift */ = {isa = PBXFileReference; lastKnownFileType = sourcecode.swift; path = "TodoListItem+CoreDataProperties.swift"; sourceTree = "<group>"; };
		C5C38DE72670F6C5006BA6DC /* ItemTableViewModel.swift */ = {isa = PBXFileReference; lastKnownFileType = sourcecode.swift; path = ItemTableViewModel.swift; sourceTree = "<group>"; };
		C5C38DEA26710D53006BA6DC /* ItemViewModelDelegate.swift */ = {isa = PBXFileReference; lastKnownFileType = sourcecode.swift; name = ItemViewModelDelegate.swift; path = ../../../../../ItemViewModelDelegate.swift; sourceTree = "<group>"; };
		C5C38DED26710DFA006BA6DC /* ViewControllerExtensions.swift */ = {isa = PBXFileReference; lastKnownFileType = sourcecode.swift; path = ViewControllerExtensions.swift; sourceTree = "<group>"; };
/* End PBXFileReference section */

/* Begin PBXFrameworksBuildPhase section */
		C56D4745266F6DEF00B1C422 /* Frameworks */ = {
			isa = PBXFrameworksBuildPhase;
			buildActionMask = 2147483647;
			files = (
			);
			runOnlyForDeploymentPostprocessing = 0;
		};
		C56D475E266F6DF000B1C422 /* Frameworks */ = {
			isa = PBXFrameworksBuildPhase;
			buildActionMask = 2147483647;
			files = (
			);
			runOnlyForDeploymentPostprocessing = 0;
		};
		C56D4769266F6DF000B1C422 /* Frameworks */ = {
			isa = PBXFrameworksBuildPhase;
			buildActionMask = 2147483647;
			files = (
			);
			runOnlyForDeploymentPostprocessing = 0;
		};
/* End PBXFrameworksBuildPhase section */

/* Begin PBXGroup section */
		C55D9D68266FECBC00CF4A4F /* Views */ = {
			isa = PBXGroup;
			children = (
				C56D474F266F6DF000B1C422 /* ViewController.swift */,
				C55D9D69266FED1E00CF4A4F /* TodoListItemTableViewCell.swift */,
				C55D9D6A266FED1E00CF4A4F /* TodoListItemTableViewCell.xib */,
				C56D4751266F6DF000B1C422 /* Main.storyboard */,
			);
			path = Views;
			sourceTree = "<group>";
		};
		C56D473F266F6DEF00B1C422 = {
			isa = PBXGroup;
			children = (
				C56D4749266F6DF000B1C422 /* Products */,
				C56D474A266F6DF000B1C422 /* TodoList */,
				C56D4764266F6DF000B1C422 /* TodoListTests */,
				C56D476F266F6DF000B1C422 /* TodoListUITests */,
			);
			sourceTree = "<group>";
		};
		C56D4749266F6DF000B1C422 /* Products */ = {
			isa = PBXGroup;
			children = (
				C56D4748266F6DF000B1C422 /* TodoList.app */,
				C56D4761266F6DF000B1C422 /* TodoListTests.xctest */,
				C56D476C266F6DF000B1C422 /* TodoListUITests.xctest */,
			);
			name = Products;
			sourceTree = "<group>";
		};
		C56D474A266F6DF000B1C422 /* TodoList */ = {
			isa = PBXGroup;
			children = (
				C5C38DEC26710DE3006BA6DC /* Extensions */,
				C5C38DE926710D34006BA6DC /* Protocols */,
				C5C38DE62670F6A3006BA6DC /* ViewModels */,
				C55D9D68266FECBC00CF4A4F /* Views */,
				C56D474B266F6DF000B1C422 /* AppDelegate.swift */,
				C56D4757266F6DF000B1C422 /* Assets.xcassets */,
				C56D475C266F6DF000B1C422 /* Info.plist */,
				C56D4759266F6DF000B1C422 /* LaunchScreen.storyboard */,
				C56D4783266F7BEC00B1C422 /* Models */,
				C56D474D266F6DF000B1C422 /* SceneDelegate.swift */,
				C56D4754266F6DF000B1C422 /* TodoList.xcdatamodeld */,
			);
			path = TodoList;
			sourceTree = "<group>";
		};
		C56D4764266F6DF000B1C422 /* TodoListTests */ = {
			isa = PBXGroup;
			children = (
				C56D4765266F6DF000B1C422 /* TodoListTests.swift */,
				C56D4767266F6DF000B1C422 /* Info.plist */,
			);
			path = TodoListTests;
			sourceTree = "<group>";
		};
		C56D476F266F6DF000B1C422 /* TodoListUITests */ = {
			isa = PBXGroup;
			children = (
				C56D4770266F6DF000B1C422 /* TodoListUITests.swift */,
				C56D4772266F6DF000B1C422 /* Info.plist */,
			);
			path = TodoListUITests;
			sourceTree = "<group>";
		};
		C56D4783266F7BEC00B1C422 /* Models */ = {
			isa = PBXGroup;
			children = (
				C56D4789266FC6A200B1C422 /* TodoListItem */,
			);
			path = Models;
			sourceTree = "<group>";
		};
		C56D4789266FC6A200B1C422 /* TodoListItem */ = {
			isa = PBXGroup;
			children = (
				C56D4785266FC5EB00B1C422 /* TodoListItem+CoreDataClass.swift */,
				C56D4786266FC5EB00B1C422 /* TodoListItem+CoreDataProperties.swift */,
			);
			path = TodoListItem;
			sourceTree = "<group>";
		};
		C5C38DE62670F6A3006BA6DC /* ViewModels */ = {
			isa = PBXGroup;
			children = (
				C5C38DE72670F6C5006BA6DC /* ItemTableViewModel.swift */,
			);
			path = ViewModels;
			sourceTree = "<group>";
		};
		C5C38DE926710D34006BA6DC /* Protocols */ = {
			isa = PBXGroup;
			children = (
				C5C38DEA26710D53006BA6DC /* ItemViewModelDelegate.swift */,
			);
			path = Protocols;
			sourceTree = "<group>";
		};
		C5C38DEC26710DE3006BA6DC /* Extensions */ = {
			isa = PBXGroup;
			children = (
				C5C38DED26710DFA006BA6DC /* ViewControllerExtensions.swift */,
			);
			path = Extensions;
			sourceTree = "<group>";
		};
/* End PBXGroup section */

/* Begin PBXNativeTarget section */
		C56D4747266F6DEF00B1C422 /* TodoList */ = {
			isa = PBXNativeTarget;
			buildConfigurationList = C56D4775266F6DF000B1C422 /* Build configuration list for PBXNativeTarget "TodoList" */;
			buildPhases = (
				C56D4744266F6DEF00B1C422 /* Sources */,
				C56D4745266F6DEF00B1C422 /* Frameworks */,
				C56D4746266F6DEF00B1C422 /* Resources */,
			);
			buildRules = (
			);
			dependencies = (
			);
			name = TodoList;
			productName = TodoListMVVM;
			productReference = C56D4748266F6DF000B1C422 /* TodoList.app */;
			productType = "com.apple.product-type.application";
		};
		C56D4760266F6DF000B1C422 /* TodoListTests */ = {
			isa = PBXNativeTarget;
			buildConfigurationList = C56D4778266F6DF000B1C422 /* Build configuration list for PBXNativeTarget "TodoListTests" */;
			buildPhases = (
				C56D475D266F6DF000B1C422 /* Sources */,
				C56D475E266F6DF000B1C422 /* Frameworks */,
				C56D475F266F6DF000B1C422 /* Resources */,
			);
			buildRules = (
			);
			dependencies = (
				C56D4763266F6DF000B1C422 /* PBXTargetDependency */,
			);
			name = TodoListTests;
			productName = TodoListMVVMTests;
			productReference = C56D4761266F6DF000B1C422 /* TodoListTests.xctest */;
			productType = "com.apple.product-type.bundle.unit-test";
		};
		C56D476B266F6DF000B1C422 /* TodoListUITests */ = {
			isa = PBXNativeTarget;
			buildConfigurationList = C56D477B266F6DF000B1C422 /* Build configuration list for PBXNativeTarget "TodoListUITests" */;
			buildPhases = (
				C56D4768266F6DF000B1C422 /* Sources */,
				C56D4769266F6DF000B1C422 /* Frameworks */,
				C56D476A266F6DF000B1C422 /* Resources */,
			);
			buildRules = (
			);
			dependencies = (
				C56D476E266F6DF000B1C422 /* PBXTargetDependency */,
			);
			name = TodoListUITests;
			productName = TodoListMVVMUITests;
			productReference = C56D476C266F6DF000B1C422 /* TodoListUITests.xctest */;
			productType = "com.apple.product-type.bundle.ui-testing";
		};
/* End PBXNativeTarget section */

/* Begin PBXProject section */
		C56D4740266F6DEF00B1C422 /* Project object */ = {
			isa = PBXProject;
			attributes = {
				LastSwiftUpdateCheck = 1250;
				LastUpgradeCheck = 1250;
				TargetAttributes = {
					C56D4747266F6DEF00B1C422 = {
						CreatedOnToolsVersion = 12.5;
					};
					C56D4760266F6DF000B1C422 = {
						CreatedOnToolsVersion = 12.5;
						TestTargetID = C56D4747266F6DEF00B1C422;
					};
					C56D476B266F6DF000B1C422 = {
						CreatedOnToolsVersion = 12.5;
						TestTargetID = C56D4747266F6DEF00B1C422;
					};
				};
			};
			buildConfigurationList = C56D4743266F6DEF00B1C422 /* Build configuration list for PBXProject "TodoList" */;
			compatibilityVersion = "Xcode 9.3";
			developmentRegion = en;
			hasScannedForEncodings = 0;
			knownRegions = (
				en,
				Base,
			);
			mainGroup = C56D473F266F6DEF00B1C422;
			productRefGroup = C56D4749266F6DF000B1C422 /* Products */;
			projectDirPath = "";
			projectRoot = "";
			targets = (
				C56D4747266F6DEF00B1C422 /* TodoList */,
				C56D4760266F6DF000B1C422 /* TodoListTests */,
				C56D476B266F6DF000B1C422 /* TodoListUITests */,
			);
		};
/* End PBXProject section */

/* Begin PBXResourcesBuildPhase section */
		C56D4746266F6DEF00B1C422 /* Resources */ = {
			isa = PBXResourcesBuildPhase;
			buildActionMask = 2147483647;
			files = (
				C56D475B266F6DF000B1C422 /* LaunchScreen.storyboard in Resources */,
				C56D4758266F6DF000B1C422 /* Assets.xcassets in Resources */,
				C55D9D6C266FED1E00CF4A4F /* TodoListItemTableViewCell.xib in Resources */,
				C56D4753266F6DF000B1C422 /* Main.storyboard in Resources */,
			);
			runOnlyForDeploymentPostprocessing = 0;
		};
		C56D475F266F6DF000B1C422 /* Resources */ = {
			isa = PBXResourcesBuildPhase;
			buildActionMask = 2147483647;
			files = (
			);
			runOnlyForDeploymentPostprocessing = 0;
		};
		C56D476A266F6DF000B1C422 /* Resources */ = {
			isa = PBXResourcesBuildPhase;
			buildActionMask = 2147483647;
			files = (
			);
			runOnlyForDeploymentPostprocessing = 0;
		};
/* End PBXResourcesBuildPhase section */

/* Begin PBXSourcesBuildPhase section */
		C56D4744266F6DEF00B1C422 /* Sources */ = {
			isa = PBXSourcesBuildPhase;
			buildActionMask = 2147483647;
			files = (
				C5C38DEB26710D53006BA6DC /* ItemViewModelDelegate.swift in Sources */,
				C56D4788266FC5EB00B1C422 /* TodoListItem+CoreDataProperties.swift in Sources */,
				C56D4750266F6DF000B1C422 /* ViewController.swift in Sources */,
				C56D4756266F6DF000B1C422 /* TodoList.xcdatamodeld in Sources */,
				C56D474C266F6DF000B1C422 /* AppDelegate.swift in Sources */,
				C56D474E266F6DF000B1C422 /* SceneDelegate.swift in Sources */,
				C56D4787266FC5EB00B1C422 /* TodoListItem+CoreDataClass.swift in Sources */,
				C5C38DE82670F6C5006BA6DC /* ItemTableViewModel.swift in Sources */,
				C5C38DEE26710DFA006BA6DC /* ViewControllerExtensions.swift in Sources */,
				C55D9D6B266FED1E00CF4A4F /* TodoListItemTableViewCell.swift in Sources */,
			);
			runOnlyForDeploymentPostprocessing = 0;
		};
		C56D475D266F6DF000B1C422 /* Sources */ = {
			isa = PBXSourcesBuildPhase;
			buildActionMask = 2147483647;
			files = (
				C56D4766266F6DF000B1C422 /* TodoListTests.swift in Sources */,
			);
			runOnlyForDeploymentPostprocessing = 0;
		};
		C56D4768266F6DF000B1C422 /* Sources */ = {
			isa = PBXSourcesBuildPhase;
			buildActionMask = 2147483647;
			files = (
				C56D4771266F6DF000B1C422 /* TodoListUITests.swift in Sources */,
			);
			runOnlyForDeploymentPostprocessing = 0;
		};
/* End PBXSourcesBuildPhase section */

/* Begin PBXTargetDependency section */
		C56D4763266F6DF000B1C422 /* PBXTargetDependency */ = {
			isa = PBXTargetDependency;
			target = C56D4747266F6DEF00B1C422 /* TodoList */;
			targetProxy = C56D4762266F6DF000B1C422 /* PBXContainerItemProxy */;
		};
		C56D476E266F6DF000B1C422 /* PBXTargetDependency */ = {
			isa = PBXTargetDependency;
			target = C56D4747266F6DEF00B1C422 /* TodoList */;
			targetProxy = C56D476D266F6DF000B1C422 /* PBXContainerItemProxy */;
		};
/* End PBXTargetDependency section */

/* Begin PBXVariantGroup section */
		C56D4751266F6DF000B1C422 /* Main.storyboard */ = {
			isa = PBXVariantGroup;
			children = (
				C56D4752266F6DF000B1C422 /* Base */,
			);
			name = Main.storyboard;
			sourceTree = "<group>";
		};
		C56D4759266F6DF000B1C422 /* LaunchScreen.storyboard */ = {
			isa = PBXVariantGroup;
			children = (
				C56D475A266F6DF000B1C422 /* Base */,
			);
			name = LaunchScreen.storyboard;
			sourceTree = "<group>";
		};
/* End PBXVariantGroup section */

/* Begin XCBuildConfiguration section */
		C56D4773266F6DF000B1C422 /* Debug */ = {
			isa = XCBuildConfiguration;
			buildSettings = {
				ALWAYS_SEARCH_USER_PATHS = NO;
				CLANG_ANALYZER_NONNULL = YES;
				CLANG_ANALYZER_NUMBER_OBJECT_CONVERSION = YES_AGGRESSIVE;
				CLANG_CXX_LANGUAGE_STANDARD = "gnu++14";
				CLANG_CXX_LIBRARY = "libc++";
				CLANG_ENABLE_MODULES = YES;
				CLANG_ENABLE_OBJC_ARC = YES;
				CLANG_ENABLE_OBJC_WEAK = YES;
				CLANG_WARN_BLOCK_CAPTURE_AUTORELEASING = YES;
				CLANG_WARN_BOOL_CONVERSION = YES;
				CLANG_WARN_COMMA = YES;
				CLANG_WARN_CONSTANT_CONVERSION = YES;
				CLANG_WARN_DEPRECATED_OBJC_IMPLEMENTATIONS = YES;
				CLANG_WARN_DIRECT_OBJC_ISA_USAGE = YES_ERROR;
				CLANG_WARN_DOCUMENTATION_COMMENTS = YES;
				CLANG_WARN_EMPTY_BODY = YES;
				CLANG_WARN_ENUM_CONVERSION = YES;
				CLANG_WARN_INFINITE_RECURSION = YES;
				CLANG_WARN_INT_CONVERSION = YES;
				CLANG_WARN_NON_LITERAL_NULL_CONVERSION = YES;
				CLANG_WARN_OBJC_IMPLICIT_RETAIN_SELF = YES;
				CLANG_WARN_OBJC_LITERAL_CONVERSION = YES;
				CLANG_WARN_OBJC_ROOT_CLASS = YES_ERROR;
				CLANG_WARN_QUOTED_INCLUDE_IN_FRAMEWORK_HEADER = YES;
				CLANG_WARN_RANGE_LOOP_ANALYSIS = YES;
				CLANG_WARN_STRICT_PROTOTYPES = YES;
				CLANG_WARN_SUSPICIOUS_MOVE = YES;
				CLANG_WARN_UNGUARDED_AVAILABILITY = YES_AGGRESSIVE;
				CLANG_WARN_UNREACHABLE_CODE = YES;
				CLANG_WARN__DUPLICATE_METHOD_MATCH = YES;
				COPY_PHASE_STRIP = NO;
				DEBUG_INFORMATION_FORMAT = dwarf;
				ENABLE_STRICT_OBJC_MSGSEND = YES;
				ENABLE_TESTABILITY = YES;
				GCC_C_LANGUAGE_STANDARD = gnu11;
				GCC_DYNAMIC_NO_PIC = NO;
				GCC_NO_COMMON_BLOCKS = YES;
				GCC_OPTIMIZATION_LEVEL = 0;
				GCC_PREPROCESSOR_DEFINITIONS = (
					"DEBUG=1",
					"$(inherited)",
				);
				GCC_WARN_64_TO_32_BIT_CONVERSION = YES;
				GCC_WARN_ABOUT_RETURN_TYPE = YES_ERROR;
				GCC_WARN_UNDECLARED_SELECTOR = YES;
				GCC_WARN_UNINITIALIZED_AUTOS = YES_AGGRESSIVE;
				GCC_WARN_UNUSED_FUNCTION = YES;
				GCC_WARN_UNUSED_VARIABLE = YES;
				IPHONEOS_DEPLOYMENT_TARGET = 14.5;
				MTL_ENABLE_DEBUG_INFO = INCLUDE_SOURCE;
				MTL_FAST_MATH = YES;
				ONLY_ACTIVE_ARCH = YES;
				SDKROOT = iphoneos;
				SWIFT_ACTIVE_COMPILATION_CONDITIONS = DEBUG;
				SWIFT_OPTIMIZATION_LEVEL = "-Onone";
			};
			name = Debug;
		};
		C56D4774266F6DF000B1C422 /* Release */ = {
			isa = XCBuildConfiguration;
			buildSettings = {
				ALWAYS_SEARCH_USER_PATHS = NO;
				CLANG_ANALYZER_NONNULL = YES;
				CLANG_ANALYZER_NUMBER_OBJECT_CONVERSION = YES_AGGRESSIVE;
				CLANG_CXX_LANGUAGE_STANDARD = "gnu++14";
				CLANG_CXX_LIBRARY = "libc++";
				CLANG_ENABLE_MODULES = YES;
				CLANG_ENABLE_OBJC_ARC = YES;
				CLANG_ENABLE_OBJC_WEAK = YES;
				CLANG_WARN_BLOCK_CAPTURE_AUTORELEASING = YES;
				CLANG_WARN_BOOL_CONVERSION = YES;
				CLANG_WARN_COMMA = YES;
				CLANG_WARN_CONSTANT_CONVERSION = YES;
				CLANG_WARN_DEPRECATED_OBJC_IMPLEMENTATIONS = YES;
				CLANG_WARN_DIRECT_OBJC_ISA_USAGE = YES_ERROR;
				CLANG_WARN_DOCUMENTATION_COMMENTS = YES;
				CLANG_WARN_EMPTY_BODY = YES;
				CLANG_WARN_ENUM_CONVERSION = YES;
				CLANG_WARN_INFINITE_RECURSION = YES;
				CLANG_WARN_INT_CONVERSION = YES;
				CLANG_WARN_NON_LITERAL_NULL_CONVERSION = YES;
				CLANG_WARN_OBJC_IMPLICIT_RETAIN_SELF = YES;
				CLANG_WARN_OBJC_LITERAL_CONVERSION = YES;
				CLANG_WARN_OBJC_ROOT_CLASS = YES_ERROR;
				CLANG_WARN_QUOTED_INCLUDE_IN_FRAMEWORK_HEADER = YES;
				CLANG_WARN_RANGE_LOOP_ANALYSIS = YES;
				CLANG_WARN_STRICT_PROTOTYPES = YES;
				CLANG_WARN_SUSPICIOUS_MOVE = YES;
				CLANG_WARN_UNGUARDED_AVAILABILITY = YES_AGGRESSIVE;
				CLANG_WARN_UNREACHABLE_CODE = YES;
				CLANG_WARN__DUPLICATE_METHOD_MATCH = YES;
				COPY_PHASE_STRIP = NO;
				DEBUG_INFORMATION_FORMAT = "dwarf-with-dsym";
				ENABLE_NS_ASSERTIONS = NO;
				ENABLE_STRICT_OBJC_MSGSEND = YES;
				GCC_C_LANGUAGE_STANDARD = gnu11;
				GCC_NO_COMMON_BLOCKS = YES;
				GCC_WARN_64_TO_32_BIT_CONVERSION = YES;
				GCC_WARN_ABOUT_RETURN_TYPE = YES_ERROR;
				GCC_WARN_UNDECLARED_SELECTOR = YES;
				GCC_WARN_UNINITIALIZED_AUTOS = YES_AGGRESSIVE;
				GCC_WARN_UNUSED_FUNCTION = YES;
				GCC_WARN_UNUSED_VARIABLE = YES;
				IPHONEOS_DEPLOYMENT_TARGET = 14.5;
				MTL_ENABLE_DEBUG_INFO = NO;
				MTL_FAST_MATH = YES;
				SDKROOT = iphoneos;
				SWIFT_COMPILATION_MODE = wholemodule;
				SWIFT_OPTIMIZATION_LEVEL = "-O";
				VALIDATE_PRODUCT = YES;
			};
			name = Release;
		};
		C56D4776266F6DF000B1C422 /* Debug */ = {
			isa = XCBuildConfiguration;
			buildSettings = {
				ASSETCATALOG_COMPILER_APPICON_NAME = AppIcon;
				ASSETCATALOG_COMPILER_GLOBAL_ACCENT_COLOR_NAME = AccentColor;
				CODE_SIGN_STYLE = Automatic;
				INFOPLIST_FILE = TodoList/Info.plist;
				LD_RUNPATH_SEARCH_PATHS = (
					"$(inherited)",
					"@executable_path/Frameworks",
				);
				PRODUCT_BUNDLE_IDENTIFIER = aqeeli.TodoList;
				PRODUCT_NAME = "$(TARGET_NAME)";
				SWIFT_VERSION = 5.0;
				TARGETED_DEVICE_FAMILY = "1,2";
			};
			name = Debug;
		};
		C56D4777266F6DF000B1C422 /* Release */ = {
			isa = XCBuildConfiguration;
			buildSettings = {
				ASSETCATALOG_COMPILER_APPICON_NAME = AppIcon;
				ASSETCATALOG_COMPILER_GLOBAL_ACCENT_COLOR_NAME = AccentColor;
				CODE_SIGN_STYLE = Automatic;
				INFOPLIST_FILE = TodoList/Info.plist;
				LD_RUNPATH_SEARCH_PATHS = (
					"$(inherited)",
					"@executable_path/Frameworks",
				);
				PRODUCT_BUNDLE_IDENTIFIER = aqeeli.TodoList;
				PRODUCT_NAME = "$(TARGET_NAME)";
				SWIFT_VERSION = 5.0;
				TARGETED_DEVICE_FAMILY = "1,2";
			};
			name = Release;
		};
		C56D4779266F6DF000B1C422 /* Debug */ = {
			isa = XCBuildConfiguration;
			buildSettings = {
				ALWAYS_EMBED_SWIFT_STANDARD_LIBRARIES = YES;
				BUNDLE_LOADER = "$(TEST_HOST)";
				CODE_SIGN_STYLE = Automatic;
				INFOPLIST_FILE = TodoListTests/Info.plist;
				IPHONEOS_DEPLOYMENT_TARGET = 14.5;
				LD_RUNPATH_SEARCH_PATHS = (
					"$(inherited)",
					"@executable_path/Frameworks",
					"@loader_path/Frameworks",
				);
				PRODUCT_BUNDLE_IDENTIFIER = aqeeli.TodoListTests;
				PRODUCT_NAME = "$(TARGET_NAME)";
				SWIFT_VERSION = 5.0;
				TARGETED_DEVICE_FAMILY = "1,2";
				TEST_HOST = "$(BUILT_PRODUCTS_DIR)/TodoList.app/TodoList";
			};
			name = Debug;
		};
		C56D477A266F6DF000B1C422 /* Release */ = {
			isa = XCBuildConfiguration;
			buildSettings = {
				ALWAYS_EMBED_SWIFT_STANDARD_LIBRARIES = YES;
				BUNDLE_LOADER = "$(TEST_HOST)";
				CODE_SIGN_STYLE = Automatic;
				INFOPLIST_FILE = TodoListTests/Info.plist;
				IPHONEOS_DEPLOYMENT_TARGET = 14.5;
				LD_RUNPATH_SEARCH_PATHS = (
					"$(inherited)",
					"@executable_path/Frameworks",
					"@loader_path/Frameworks",
				);
				PRODUCT_BUNDLE_IDENTIFIER = aqeeli.TodoListTests;
				PRODUCT_NAME = "$(TARGET_NAME)";
				SWIFT_VERSION = 5.0;
				TARGETED_DEVICE_FAMILY = "1,2";
				TEST_HOST = "$(BUILT_PRODUCTS_DIR)/TodoList.app/TodoList";
			};
			name = Release;
		};
		C56D477C266F6DF000B1C422 /* Debug */ = {
			isa = XCBuildConfiguration;
			buildSettings = {
				ALWAYS_EMBED_SWIFT_STANDARD_LIBRARIES = YES;
				CODE_SIGN_STYLE = Automatic;
				INFOPLIST_FILE = TodoListUITests/Info.plist;
				LD_RUNPATH_SEARCH_PATHS = (
					"$(inherited)",
					"@executable_path/Frameworks",
					"@loader_path/Frameworks",
				);
				PRODUCT_BUNDLE_IDENTIFIER = aqeeli.TodoListUITests;
				PRODUCT_NAME = "$(TARGET_NAME)";
				SWIFT_VERSION = 5.0;
				TARGETED_DEVICE_FAMILY = "1,2";
				TEST_TARGET_NAME = TodoList;
			};
			name = Debug;
		};
		C56D477D266F6DF000B1C422 /* Release */ = {
			isa = XCBuildConfiguration;
			buildSettings = {
				ALWAYS_EMBED_SWIFT_STANDARD_LIBRARIES = YES;
				CODE_SIGN_STYLE = Automatic;
				INFOPLIST_FILE = TodoListUITests/Info.plist;
				LD_RUNPATH_SEARCH_PATHS = (
					"$(inherited)",
					"@executable_path/Frameworks",
					"@loader_path/Frameworks",
				);
				PRODUCT_BUNDLE_IDENTIFIER = aqeeli.TodoListUITests;
				PRODUCT_NAME = "$(TARGET_NAME)";
				SWIFT_VERSION = 5.0;
				TARGETED_DEVICE_FAMILY = "1,2";
				TEST_TARGET_NAME = TodoList;
			};
			name = Release;
		};
/* End XCBuildConfiguration section */

/* Begin XCConfigurationList section */
		C56D4743266F6DEF00B1C422 /* Build configuration list for PBXProject "TodoList" */ = {
			isa = XCConfigurationList;
			buildConfigurations = (
				C56D4773266F6DF000B1C422 /* Debug */,
				C56D4774266F6DF000B1C422 /* Release */,
			);
			defaultConfigurationIsVisible = 0;
			defaultConfigurationName = Release;
		};
		C56D4775266F6DF000B1C422 /* Build configuration list for PBXNativeTarget "TodoList" */ = {
			isa = XCConfigurationList;
			buildConfigurations = (
				C56D4776266F6DF000B1C422 /* Debug */,
				C56D4777266F6DF000B1C422 /* Release */,
			);
			defaultConfigurationIsVisible = 0;
			defaultConfigurationName = Release;
		};
		C56D4778266F6DF000B1C422 /* Build configuration list for PBXNativeTarget "TodoListTests" */ = {
			isa = XCConfigurationList;
			buildConfigurations = (
				C56D4779266F6DF000B1C422 /* Debug */,
				C56D477A266F6DF000B1C422 /* Release */,
			);
			defaultConfigurationIsVisible = 0;
			defaultConfigurationName = Release;
		};
		C56D477B266F6DF000B1C422 /* Build configuration list for PBXNativeTarget "TodoListUITests" */ = {
			isa = XCConfigurationList;
			buildConfigurations = (
				C56D477C266F6DF000B1C422 /* Debug */,
				C56D477D266F6DF000B1C422 /* Release */,
			);
			defaultConfigurationIsVisible = 0;
			defaultConfigurationName = Release;
		};
/* End XCConfigurationList section */

/* Begin XCVersionGroup section */
		C56D4754266F6DF000B1C422 /* TodoList.xcdatamodeld */ = {
			isa = XCVersionGroup;
			children = (
				C56D4755266F6DF000B1C422 /* TodoListMVVM.xcdatamodel */,
			);
			currentVersion = C56D4755266F6DF000B1C422 /* TodoListMVVM.xcdatamodel */;
			path = TodoList.xcdatamodeld;
			sourceTree = "<group>";
			versionGroupType = wrapper.xcdatamodel;
		};
/* End XCVersionGroup section */
	};
	rootObject = C56D4740266F6DEF00B1C422 /* Project object */;
}
